[root]
name = "rls-data"
version = "0.1.0"
dependencies = [
 "rls-span 0.1.0 (git+https://github.com/nrc/rls-span)",
 "rustc-serialize 0.3.22 (registry+https://github.com/rust-lang/crates.io-index)",
]

[[package]]
name = "rls-span"
version = "0.1.0"
source = "git+https://github.com/nrc/rls-span#e9224b1c52d1d43f9f7b3bb065653c9e18bb532d"
dependencies = [
 "rustc-serialize 0.3.22 (registry+https://github.com/rust-lang/crates.io-index)",
]

[[package]]
name = "rustc-serialize"
version = "0.3.22"
source = "registry+https://github.com/rust-lang/crates.io-index"

[metadata]
"checksum rls-span 0.1.0 (git+https://github.com/nrc/rls-span)" = "<none>"
"checksum rustc-serialize 0.3.22 (registry+https://github.com/rust-lang/crates.io-index)" = "237546c689f20bb44980270c73c3b9edd0891c1be49cc1274406134a66d3957b"
